
Microsoft Visual Studio Solution File, Format Version 12.00
# Visual Studio Version 16
VisualStudioVersion = 16.0.31729.503
MinimumVisualStudioVersion = 10.0.40219.1
Project("{8BC9CEB8-8B4A-11D0-8D11-00A0C91BC942}") = "oop4.2", "oop4.2\oop4.2.vcxproj", "{EF36FC21-690B-4BC1-9F20-96508C7A28BF}"
EndProject
Global
	GlobalSection(SolutionConfigurationPlatforms) = preSolution
		Debug|x64 = Debug|x64
		Debug|x86 = Debug|x86
		Release|x64 = Release|x64
		Release|x86 = Release|x86
	EndGlobalSection
	GlobalSection(ProjectConfigurationPlatforms) = postSolution
		{EF36FC21-690B-4BC1-9F20-96508C7A28BF}.Debug|x64.ActiveCfg = Debug|x64
		{EF36FC21-690B-4BC1-9F20-96508C7A28BF}.Debug|x64.Build.0 = Debug|x64
		{EF36FC21-690B-4BC1-9F20-96508C7A28BF}.Debug|x86.ActiveCfg = Debug|Win32
		{EF36FC21-690B-4BC1-9F20-96508C7A28BF}.Debug|x86.Build.0 = Debug|Win32
		{EF36FC21-690B-4BC1-9F20-96508C7A28BF}.Release|x64.ActiveCfg = Release|x64
		{EF36FC21-690B-4BC1-9F20-96508C7A28BF}.Release|x64.Build.0 = Release|x64
		{EF36FC21-690B-4BC1-9F20-96508C7A28BF}.Release|x86.ActiveCfg = Release|Win32
		{EF36FC21-690B-4BC1-9F20-96508C7A28BF}.Release|x86.Build.0 = Release|Win32
	EndGlobalSection
	GlobalSection(SolutionProperties) = preSolution
		HideSolutionNode = FALSE
	EndGlobalSection
	GlobalSection(ExtensibilityGlobals) = postSolution
		SolutionGuid = {5977488F-79B5-4DC1-9BF9-A59FAE133971}
	EndGlobalSection
EndGlobal
